// !$*UTF8*$!
{
	archiveVersion = 1;
	classes = {
	};
	objectVersion = 55;
	objects = {

/* Begin PBXBuildFile section */
		14E9A3CFDD0156FBFB1BCDB8 /* Pods_toDoListAppTests.framework in Frameworks */ = {isa = PBXBuildFile; fileRef = 2D5E12B5B09F9D25A9921B9E /* Pods_toDoListAppTests.framework */; };
		1553D3A2FDA444B16DEE98E2 /* Pods_toDoListApp.framework in Frameworks */ = {isa = PBXBuildFile; fileRef = 14E9D4415999A509288DA048 /* Pods_toDoListApp.framework */; };
		434888E52804716B002D864B /* TodoListModel.swift in Sources */ = {isa = PBXBuildFile; fileRef = 434888E42804716B002D864B /* TodoListModel.swift */; };
		43A145F828046934004F436F /* TodoListItemTableViewCell.swift in Sources */ = {isa = PBXBuildFile; fileRef = 43A145F728046934004F436F /* TodoListItemTableViewCell.swift */; };
		43A991902801CBE50078B189 /* AppDelegate.swift in Sources */ = {isa = PBXBuildFile; fileRef = 43A9918F2801CBE50078B189 /* AppDelegate.swift */; };
		43A991922801CBE50078B189 /* SceneDelegate.swift in Sources */ = {isa = PBXBuildFile; fileRef = 43A991912801CBE50078B189 /* SceneDelegate.swift */; };
		43A991942801CBE50078B189 /* TodoListViewController.swift in Sources */ = {isa = PBXBuildFile; fileRef = 43A991932801CBE50078B189 /* TodoListViewController.swift */; };
		43A991972801CBE50078B189 /* Main.storyboard in Resources */ = {isa = PBXBuildFile; fileRef = 43A991952801CBE50078B189 /* Main.storyboard */; };
		43A991992801CBE90078B189 /* Assets.xcassets in Resources */ = {isa = PBXBuildFile; fileRef = 43A991982801CBE90078B189 /* Assets.xcassets */; };
		43A9919C2801CBE90078B189 /* LaunchScreen.storyboard in Resources */ = {isa = PBXBuildFile; fileRef = 43A9919A2801CBE90078B189 /* LaunchScreen.storyboard */; };
		8D419B61E1D6099286D62C25 /* Pods_toDoListApp_toDoListAppUITests.framework in Frameworks */ = {isa = PBXBuildFile; fileRef = ED66A1F2EDC819ADEFA89886 /* Pods_toDoListApp_toDoListAppUITests.framework */; };
/* End PBXBuildFile section */

/* Begin PBXContainerItemProxy section */
		43A991A32801CBE90078B189 /* PBXContainerItemProxy */ = {
			isa = PBXContainerItemProxy;
			containerPortal = 43A991842801CBE50078B189 /* Project object */;
			proxyType = 1;
			remoteGlobalIDString = 43A9918B2801CBE50078B189;
			remoteInfo = toDoListApp;
		};
		43A991AD2801CBE90078B189 /* PBXContainerItemProxy */ = {
			isa = PBXContainerItemProxy;
			containerPortal = 43A991842801CBE50078B189 /* Project object */;
			proxyType = 1;
			remoteGlobalIDString = 43A9918B2801CBE50078B189;
			remoteInfo = toDoListApp;
		};
/* End PBXContainerItemProxy section */

/* Begin PBXFileReference section */
		14E9D4415999A509288DA048 /* Pods_toDoListApp.framework */ = {isa = PBXFileReference; explicitFileType = wrapper.framework; includeInIndex = 0; path = Pods_toDoListApp.framework; sourceTree = BUILT_PRODUCTS_DIR; };
		2D5E12B5B09F9D25A9921B9E /* Pods_toDoListAppTests.framework */ = {isa = PBXFileReference; explicitFileType = wrapper.framework; includeInIndex = 0; path = Pods_toDoListAppTests.framework; sourceTree = BUILT_PRODUCTS_DIR; };
		367C91B6819BE72AB7F22BF5 /* Pods-toDoListApp.debug.xcconfig */ = {isa = PBXFileReference; includeInIndex = 1; lastKnownFileType = text.xcconfig; name = "Pods-toDoListApp.debug.xcconfig"; path = "Target Support Files/Pods-toDoListApp/Pods-toDoListApp.debug.xcconfig"; sourceTree = "<group>"; };
		434888E42804716B002D864B /* TodoListModel.swift */ = {isa = PBXFileReference; lastKnownFileType = sourcecode.swift; path = TodoListModel.swift; sourceTree = "<group>"; };
		43A145F728046934004F436F /* TodoListItemTableViewCell.swift */ = {isa = PBXFileReference; lastKnownFileType = sourcecode.swift; path = TodoListItemTableViewCell.swift; sourceTree = "<group>"; };
		43A9918C2801CBE50078B189 /* toDoListApp.app */ = {isa = PBXFileReference; explicitFileType = wrapper.application; includeInIndex = 0; path = toDoListApp.app; sourceTree = BUILT_PRODUCTS_DIR; };
		43A9918F2801CBE50078B189 /* AppDelegate.swift */ = {isa = PBXFileReference; lastKnownFileType = sourcecode.swift; path = AppDelegate.swift; sourceTree = "<group>"; };
		43A991912801CBE50078B189 /* SceneDelegate.swift */ = {isa = PBXFileReference; lastKnownFileType = sourcecode.swift; path = SceneDelegate.swift; sourceTree = "<group>"; };
		43A991932801CBE50078B189 /* TodoListViewController.swift */ = {isa = PBXFileReference; lastKnownFileType = sourcecode.swift; path = TodoListViewController.swift; sourceTree = "<group>"; };
		43A991962801CBE50078B189 /* Base */ = {isa = PBXFileReference; lastKnownFileType = file.storyboard; name = Base; path = Base.lproj/Main.storyboard; sourceTree = "<group>"; };
		43A991982801CBE90078B189 /* Assets.xcassets */ = {isa = PBXFileReference; lastKnownFileType = folder.assetcatalog; path = Assets.xcassets; sourceTree = "<group>"; };
		43A9919B2801CBE90078B189 /* Base */ = {isa = PBXFileReference; lastKnownFileType = file.storyboard; name = Base; path = Base.lproj/LaunchScreen.storyboard; sourceTree = "<group>"; };
		43A9919D2801CBE90078B189 /* Info.plist */ = {isa = PBXFileReference; lastKnownFileType = text.plist.xml; path = Info.plist; sourceTree = "<group>"; };
		43A991A22801CBE90078B189 /* toDoListAppTests.xctest */ = {isa = PBXFileReference; explicitFileType = wrapper.cfbundle; includeInIndex = 0; path = toDoListAppTests.xctest; sourceTree = BUILT_PRODUCTS_DIR; };
		43A991AC2801CBE90078B189 /* toDoListAppUITests.xctest */ = {isa = PBXFileReference; explicitFileType = wrapper.cfbundle; includeInIndex = 0; path = toDoListAppUITests.xctest; sourceTree = BUILT_PRODUCTS_DIR; };
		7BA7BB8C0415D73AC001BE0B /* Pods-toDoListApp.release.xcconfig */ = {isa = PBXFileReference; includeInIndex = 1; lastKnownFileType = text.xcconfig; name = "Pods-toDoListApp.release.xcconfig"; path = "Target Support Files/Pods-toDoListApp/Pods-toDoListApp.release.xcconfig"; sourceTree = "<group>"; };
		85CEE1C7A3876E7B1634D395 /* Pods-toDoListAppTests.release.xcconfig */ = {isa = PBXFileReference; includeInIndex = 1; lastKnownFileType = text.xcconfig; name = "Pods-toDoListAppTests.release.xcconfig"; path = "Target Support Files/Pods-toDoListAppTests/Pods-toDoListAppTests.release.xcconfig"; sourceTree = "<group>"; };
		95B2BD08604705B5B85669EE /* Pods-toDoListApp-toDoListAppUITests.debug.xcconfig */ = {isa = PBXFileReference; includeInIndex = 1; lastKnownFileType = text.xcconfig; name = "Pods-toDoListApp-toDoListAppUITests.debug.xcconfig"; path = "Target Support Files/Pods-toDoListApp-toDoListAppUITests/Pods-toDoListApp-toDoListAppUITests.debug.xcconfig"; sourceTree = "<group>"; };
		E4190FAAABC817696BAE0C6F /* Pods-toDoListApp-toDoListAppUITests.release.xcconfig */ = {isa = PBXFileReference; includeInIndex = 1; lastKnownFileType = text.xcconfig; name = "Pods-toDoListApp-toDoListAppUITests.release.xcconfig"; path = "Target Support Files/Pods-toDoListApp-toDoListAppUITests/Pods-toDoListApp-toDoListAppUITests.release.xcconfig"; sourceTree = "<group>"; };
		EBA6ED632B2C46D4E778BEFA /* Pods-toDoListAppTests.debug.xcconfig */ = {isa = PBXFileReference; includeInIndex = 1; lastKnownFileType = text.xcconfig; name = "Pods-toDoListAppTests.debug.xcconfig"; path = "Target Support Files/Pods-toDoListAppTests/Pods-toDoListAppTests.debug.xcconfig"; sourceTree = "<group>"; };
		ED66A1F2EDC819ADEFA89886 /* Pods_toDoListApp_toDoListAppUITests.framework */ = {isa = PBXFileReference; explicitFileType = wrapper.framework; includeInIndex = 0; path = Pods_toDoListApp_toDoListAppUITests.framework; sourceTree = BUILT_PRODUCTS_DIR; };
/* End PBXFileReference section */

/* Begin PBXFrameworksBuildPhase section */
		43A991892801CBE50078B189 /* Frameworks */ = {
			isa = PBXFrameworksBuildPhase;
			buildActionMask = 2147483647;
			files = (
				1553D3A2FDA444B16DEE98E2 /* Pods_toDoListApp.framework in Frameworks */,
			);
			runOnlyForDeploymentPostprocessing = 0;
		};
		43A9919F2801CBE90078B189 /* Frameworks */ = {
			isa = PBXFrameworksBuildPhase;
			buildActionMask = 2147483647;
			files = (
				14E9A3CFDD0156FBFB1BCDB8 /* Pods_toDoListAppTests.framework in Frameworks */,
			);
			runOnlyForDeploymentPostprocessing = 0;
		};
		43A991A92801CBE90078B189 /* Frameworks */ = {
			isa = PBXFrameworksBuildPhase;
			buildActionMask = 2147483647;
			files = (
				8D419B61E1D6099286D62C25 /* Pods_toDoListApp_toDoListAppUITests.framework in Frameworks */,
			);
			runOnlyForDeploymentPostprocessing = 0;
		};
/* End PBXFrameworksBuildPhase section */

/* Begin PBXGroup section */
		43A991832801CBE50078B189 = {
			isa = PBXGroup;
			children = (
				43A9918E2801CBE50078B189 /* toDoListApp */,
				43A9918D2801CBE50078B189 /* Products */,
				92163D72A55B95950FD69152 /* Pods */,
				A774ABD800D631AA4C0D8616 /* Frameworks */,
			);
			sourceTree = "<group>";
		};
		43A9918D2801CBE50078B189 /* Products */ = {
			isa = PBXGroup;
			children = (
				43A9918C2801CBE50078B189 /* toDoListApp.app */,
				43A991A22801CBE90078B189 /* toDoListAppTests.xctest */,
				43A991AC2801CBE90078B189 /* toDoListAppUITests.xctest */,
			);
			name = Products;
			sourceTree = "<group>";
		};
		43A9918E2801CBE50078B189 /* toDoListApp */ = {
			isa = PBXGroup;
			children = (
				43A9918F2801CBE50078B189 /* AppDelegate.swift */,
				43A991912801CBE50078B189 /* SceneDelegate.swift */,
				43A991932801CBE50078B189 /* TodoListViewController.swift */,
				43A991952801CBE50078B189 /* Main.storyboard */,
				43A991982801CBE90078B189 /* Assets.xcassets */,
				43A9919A2801CBE90078B189 /* LaunchScreen.storyboard */,
				43A9919D2801CBE90078B189 /* Info.plist */,
				43A145F728046934004F436F /* TodoListItemTableViewCell.swift */,
				434888E42804716B002D864B /* TodoListModel.swift */,
			);
			path = toDoListApp;
			sourceTree = "<group>";
		};
		92163D72A55B95950FD69152 /* Pods */ = {
			isa = PBXGroup;
			children = (
				367C91B6819BE72AB7F22BF5 /* Pods-toDoListApp.debug.xcconfig */,
				7BA7BB8C0415D73AC001BE0B /* Pods-toDoListApp.release.xcconfig */,
				95B2BD08604705B5B85669EE /* Pods-toDoListApp-toDoListAppUITests.debug.xcconfig */,
				E4190FAAABC817696BAE0C6F /* Pods-toDoListApp-toDoListAppUITests.release.xcconfig */,
				EBA6ED632B2C46D4E778BEFA /* Pods-toDoListAppTests.debug.xcconfig */,
				85CEE1C7A3876E7B1634D395 /* Pods-toDoListAppTests.release.xcconfig */,
			);
			path = Pods;
			sourceTree = "<group>";
		};
		A774ABD800D631AA4C0D8616 /* Frameworks */ = {
			isa = PBXGroup;
			children = (
				14E9D4415999A509288DA048 /* Pods_toDoListApp.framework */,
				ED66A1F2EDC819ADEFA89886 /* Pods_toDoListApp_toDoListAppUITests.framework */,
				2D5E12B5B09F9D25A9921B9E /* Pods_toDoListAppTests.framework */,
			);
			name = Frameworks;
			sourceTree = "<group>";
		};
/* End PBXGroup section */

/* Begin PBXNativeTarget section */
		43A9918B2801CBE50078B189 /* toDoListApp */ = {
			isa = PBXNativeTarget;
			buildConfigurationList = 43A991B62801CBE90078B189 /* Build configuration list for PBXNativeTarget "toDoListApp" */;
			buildPhases = (
				61DB8344E989E662AB5F4C42 /* [CP] Check Pods Manifest.lock */,
				43A991882801CBE50078B189 /* Sources */,
				43A991892801CBE50078B189 /* Frameworks */,
				43A9918A2801CBE50078B189 /* Resources */,
				44ECB2D6757F668729332288 /* [CP] Embed Pods Frameworks */,
			);
			buildRules = (
			);
			dependencies = (
			);
			name = toDoListApp;
			productName = toDoListApp;
			productReference = 43A9918C2801CBE50078B189 /* toDoListApp.app */;
			productType = "com.apple.product-type.application";
		};
		43A991A12801CBE90078B189 /* toDoListAppTests */ = {
			isa = PBXNativeTarget;
			buildConfigurationList = 43A991B92801CBE90078B189 /* Build configuration list for PBXNativeTarget "toDoListAppTests" */;
			buildPhases = (
				D4E878183267AF1BCB372842 /* [CP] Check Pods Manifest.lock */,
				43A9919E2801CBE90078B189 /* Sources */,
				43A9919F2801CBE90078B189 /* Frameworks */,
				43A991A02801CBE90078B189 /* Resources */,
			);
			buildRules = (
			);
			dependencies = (
				43A991A42801CBE90078B189 /* PBXTargetDependency */,
			);
			name = toDoListAppTests;
			productName = toDoListAppTests;
			productReference = 43A991A22801CBE90078B189 /* toDoListAppTests.xctest */;
			productType = "com.apple.product-type.bundle.unit-test";
		};
		43A991AB2801CBE90078B189 /* toDoListAppUITests */ = {
			isa = PBXNativeTarget;
			buildConfigurationList = 43A991BC2801CBE90078B189 /* Build configuration list for PBXNativeTarget "toDoListAppUITests" */;
			buildPhases = (
				D9DB177F48BC65EBD6F3A96C /* [CP] Check Pods Manifest.lock */,
				43A991A82801CBE90078B189 /* Sources */,
				43A991A92801CBE90078B189 /* Frameworks */,
				43A991AA2801CBE90078B189 /* Resources */,
				9DC781A184A9257DC849F68B /* [CP] Embed Pods Frameworks */,
			);
			buildRules = (
			);
			dependencies = (
				43A991AE2801CBE90078B189 /* PBXTargetDependency */,
			);
			name = toDoListAppUITests;
			productName = toDoListAppUITests;
			productReference = 43A991AC2801CBE90078B189 /* toDoListAppUITests.xctest */;
			productType = "com.apple.product-type.bundle.ui-testing";
		};
/* End PBXNativeTarget section */

/* Begin PBXProject section */
		43A991842801CBE50078B189 /* Project object */ = {
			isa = PBXProject;
			attributes = {
				BuildIndependentTargetsInParallel = 1;
				LastSwiftUpdateCheck = 1330;
				LastUpgradeCheck = 1330;
				TargetAttributes = {
					43A9918B2801CBE50078B189 = {
						CreatedOnToolsVersion = 13.3;
					};
					43A991A12801CBE90078B189 = {
						CreatedOnToolsVersion = 13.3;
						TestTargetID = 43A9918B2801CBE50078B189;
					};
					43A991AB2801CBE90078B189 = {
						CreatedOnToolsVersion = 13.3;
						TestTargetID = 43A9918B2801CBE50078B189;
					};
				};
			};
			buildConfigurationList = 43A991872801CBE50078B189 /* Build configuration list for PBXProject "toDoListApp" */;
			compatibilityVersion = "Xcode 13.0";
			developmentRegion = en;
			hasScannedForEncodings = 0;
			knownRegions = (
				en,
				Base,
			);
			mainGroup = 43A991832801CBE50078B189;
			productRefGroup = 43A9918D2801CBE50078B189 /* Products */;
			projectDirPath = "";
			projectRoot = "";
			targets = (
				43A9918B2801CBE50078B189 /* toDoListApp */,
				43A991A12801CBE90078B189 /* toDoListAppTests */,
				43A991AB2801CBE90078B189 /* toDoListAppUITests */,
			);
		};
/* End PBXProject section */

/* Begin PBXResourcesBuildPhase section */
		43A9918A2801CBE50078B189 /* Resources */ = {
			isa = PBXResourcesBuildPhase;
			buildActionMask = 2147483647;
			files = (
				43A9919C2801CBE90078B189 /* LaunchScreen.storyboard in Resources */,
				43A991992801CBE90078B189 /* Assets.xcassets in Resources */,
				43A991972801CBE50078B189 /* Main.storyboard in Resources */,
			);
			runOnlyForDeploymentPostprocessing = 0;
		};
		43A991A02801CBE90078B189 /* Resources */ = {
			isa = PBXResourcesBuildPhase;
			buildActionMask = 2147483647;
			files = (
			);
			runOnlyForDeploymentPostprocessing = 0;
		};
		43A991AA2801CBE90078B189 /* Resources */ = {
			isa = PBXResourcesBuildPhase;
			buildActionMask = 2147483647;
			files = (
			);
			runOnlyForDeploymentPostprocessing = 0;
		};
/* End PBXResourcesBuildPhase section */

/* Begin PBXShellScriptBuildPhase section */
		44ECB2D6757F668729332288 /* [CP] Embed Pods Frameworks */ = {
			isa = PBXShellScriptBuildPhase;
			buildActionMask = 2147483647;
			files = (
			);
			inputFileListPaths = (
				"${PODS_ROOT}/Target Support Files/Pods-toDoListApp/Pods-toDoListApp-frameworks-${CONFIGURATION}-input-files.xcfilelist",
			);
			name = "[CP] Embed Pods Frameworks";
			outputFileListPaths = (
				"${PODS_ROOT}/Target Support Files/Pods-toDoListApp/Pods-toDoListApp-frameworks-${CONFIGURATION}-output-files.xcfilelist",
			);
			runOnlyForDeploymentPostprocessing = 0;
			shellPath = /bin/sh;
			shellScript = "\"${PODS_ROOT}/Target Support Files/Pods-toDoListApp/Pods-toDoListApp-frameworks.sh\"\n";
			showEnvVarsInLog = 0;
		};
		61DB8344E989E662AB5F4C42 /* [CP] Check Pods Manifest.lock */ = {
			isa = PBXShellScriptBuildPhase;
			buildActionMask = 2147483647;
			files = (
			);
			inputFileListPaths = (
			);
			inputPaths = (
				"${PODS_PODFILE_DIR_PATH}/Podfile.lock",
				"${PODS_ROOT}/Manifest.lock",
			);
			name = "[CP] Check Pods Manifest.lock";
			outputFileListPaths = (
			);
			outputPaths = (
				"$(DERIVED_FILE_DIR)/Pods-toDoListApp-checkManifestLockResult.txt",
			);
			runOnlyForDeploymentPostprocessing = 0;
			shellPath = /bin/sh;
			shellScript = "diff \"${PODS_PODFILE_DIR_PATH}/Podfile.lock\" \"${PODS_ROOT}/Manifest.lock\" > /dev/null\nif [ $? != 0 ] ; then\n    # print error to STDERR\n    echo \"error: The sandbox is not in sync with the Podfile.lock. Run 'pod install' or update your CocoaPods installation.\" >&2\n    exit 1\nfi\n# This output is used by Xcode 'outputs' to avoid re-running this script phase.\necho \"SUCCESS\" > \"${SCRIPT_OUTPUT_FILE_0}\"\n";
			showEnvVarsInLog = 0;
		};
		9DC781A184A9257DC849F68B /* [CP] Embed Pods Frameworks */ = {
			isa = PBXShellScriptBuildPhase;
			buildActionMask = 2147483647;
			files = (
			);
			inputFileListPaths = (
				"${PODS_ROOT}/Target Support Files/Pods-toDoListApp-toDoListAppUITests/Pods-toDoListApp-toDoListAppUITests-frameworks-${CONFIGURATION}-input-files.xcfilelist",
			);
			name = "[CP] Embed Pods Frameworks";
			outputFileListPaths = (
				"${PODS_ROOT}/Target Support Files/Pods-toDoListApp-toDoListAppUITests/Pods-toDoListApp-toDoListAppUITests-frameworks-${CONFIGURATION}-output-files.xcfilelist",
			);
			runOnlyForDeploymentPostprocessing = 0;
			shellPath = /bin/sh;
			shellScript = "\"${PODS_ROOT}/Target Support Files/Pods-toDoListApp-toDoListAppUITests/Pods-toDoListApp-toDoListAppUITests-frameworks.sh\"\n";
			showEnvVarsInLog = 0;
		};
		D4E878183267AF1BCB372842 /* [CP] Check Pods Manifest.lock */ = {
			isa = PBXShellScriptBuildPhase;
			buildActionMask = 2147483647;
			files = (
			);
			inputFileListPaths = (
			);
			inputPaths = (
				"${PODS_PODFILE_DIR_PATH}/Podfile.lock",
				"${PODS_ROOT}/Manifest.lock",
			);
			name = "[CP] Check Pods Manifest.lock";
			outputFileListPaths = (
			);
			outputPaths = (
				"$(DERIVED_FILE_DIR)/Pods-toDoListAppTests-checkManifestLockResult.txt",
			);
			runOnlyForDeploymentPostprocessing = 0;
			shellPath = /bin/sh;
			shellScript = "diff \"${PODS_PODFILE_DIR_PATH}/Podfile.lock\" \"${PODS_ROOT}/Manifest.lock\" > /dev/null\nif [ $? != 0 ] ; then\n    # print error to STDERR\n    echo \"error: The sandbox is not in sync with the Podfile.lock. Run 'pod install' or update your CocoaPods installation.\" >&2\n    exit 1\nfi\n# This output is used by Xcode 'outputs' to avoid re-running this script phase.\necho \"SUCCESS\" > \"${SCRIPT_OUTPUT_FILE_0}\"\n";
			showEnvVarsInLog = 0;
		};
		D9DB177F48BC65EBD6F3A96C /* [CP] Check Pods Manifest.lock */ = {
			isa = PBXShellScriptBuildPhase;
			buildActionMask = 2147483647;
			files = (
			);
			inputFileListPaths = (
			);
			inputPaths = (
				"${PODS_PODFILE_DIR_PATH}/Podfile.lock",
				"${PODS_ROOT}/Manifest.lock",
			);
			name = "[CP] Check Pods Manifest.lock";
			outputFileListPaths = (
			);
			outputPaths = (
				"$(DERIVED_FILE_DIR)/Pods-toDoListApp-toDoListAppUITests-checkManifestLockResult.txt",
			);
			runOnlyForDeploymentPostprocessing = 0;
			shellPath = /bin/sh;
			shellScript = "diff \"${PODS_PODFILE_DIR_PATH}/Podfile.lock\" \"${PODS_ROOT}/Manifest.lock\" > /dev/null\nif [ $? != 0 ] ; then\n    # print error to STDERR\n    echo \"error: The sandbox is not in sync with the Podfile.lock. Run 'pod install' or update your CocoaPods installation.\" >&2\n    exit 1\nfi\n# This output is used by Xcode 'outputs' to avoid re-running this script phase.\necho \"SUCCESS\" > \"${SCRIPT_OUTPUT_FILE_0}\"\n";
			showEnvVarsInLog = 0;
		};
/* End PBXShellScriptBuildPhase section */

/* Begin PBXSourcesBuildPhase section */
		43A991882801CBE50078B189 /* Sources */ = {
			isa = PBXSourcesBuildPhase;
			buildActionMask = 2147483647;
			files = (
				434888E52804716B002D864B /* TodoListModel.swift in Sources */,
				43A991942801CBE50078B189 /* TodoListViewController.swift in Sources */,
				43A991902801CBE50078B189 /* AppDelegate.swift in Sources */,
				43A145F828046934004F436F /* TodoListItemTableViewCell.swift in Sources */,
				43A991922801CBE50078B189 /* SceneDelegate.swift in Sources */,
			);
			runOnlyForDeploymentPostprocessing = 0;
		};
		43A9919E2801CBE90078B189 /* Sources */ = {
			isa = PBXSourcesBuildPhase;
			buildActionMask = 2147483647;
			files = (
			);
			runOnlyForDeploymentPostprocessing = 0;
		};
		43A991A82801CBE90078B189 /* Sources */ = {
			isa = PBXSourcesBuildPhase;
			buildActionMask = 2147483647;
			files = (
			);
			runOnlyForDeploymentPostprocessing = 0;
		};
/* End PBXSourcesBuildPhase section */

/* Begin PBXTargetDependency section */
		43A991A42801CBE90078B189 /* PBXTargetDependency */ = {
			isa = PBXTargetDependency;
			target = 43A9918B2801CBE50078B189 /* toDoListApp */;
			targetProxy = 43A991A32801CBE90078B189 /* PBXContainerItemProxy */;
		};
		43A991AE2801CBE90078B189 /* PBXTargetDependency */ = {
			isa = PBXTargetDependency;
			target = 43A9918B2801CBE50078B189 /* toDoListApp */;
			targetProxy = 43A991AD2801CBE90078B189 /* PBXContainerItemProxy */;
		};
/* End PBXTargetDependency section */

/* Begin PBXVariantGroup section */
		43A991952801CBE50078B189 /* Main.storyboard */ = {
			isa = PBXVariantGroup;
			children = (
				43A991962801CBE50078B189 /* Base */,
			);
			name = Main.storyboard;
			sourceTree = "<group>";
		};
		43A9919A2801CBE90078B189 /* LaunchScreen.storyboard */ = {
			isa = PBXVariantGroup;
			children = (
				43A9919B2801CBE90078B189 /* Base */,
			);
			name = LaunchScreen.storyboard;
			sourceTree = "<group>";
		};
/* End PBXVariantGroup section */

/* Begin XCBuildConfiguration section */
		43A991B42801CBE90078B189 /* Debug */ = {
			isa = XCBuildConfiguration;
			buildSettings = {
				ALWAYS_SEARCH_USER_PATHS = NO;
				CLANG_ANALYZER_NONNULL = YES;
				CLANG_ANALYZER_NUMBER_OBJECT_CONVERSION = YES_AGGRESSIVE;
				CLANG_CXX_LANGUAGE_STANDARD = "gnu++17";
				CLANG_ENABLE_MODULES = YES;
				CLANG_ENABLE_OBJC_ARC = YES;
				CLANG_ENABLE_OBJC_WEAK = YES;
				CLANG_WARN_BLOCK_CAPTURE_AUTORELEASING = YES;
				CLANG_WARN_BOOL_CONVERSION = YES;
				CLANG_WARN_COMMA = YES;
				CLANG_WARN_CONSTANT_CONVERSION = YES;
				CLANG_WARN_DEPRECATED_OBJC_IMPLEMENTATIONS = YES;
				CLANG_WARN_DIRECT_OBJC_ISA_USAGE = YES_ERROR;
				CLANG_WARN_DOCUMENTATION_COMMENTS = YES;
				CLANG_WARN_EMPTY_BODY = YES;
				CLANG_WARN_ENUM_CONVERSION = YES;
				CLANG_WARN_INFINITE_RECURSION = YES;
				CLANG_WARN_INT_CONVERSION = YES;
				CLANG_WARN_NON_LITERAL_NULL_CONVERSION = YES;
				CLANG_WARN_OBJC_IMPLICIT_RETAIN_SELF = YES;
				CLANG_WARN_OBJC_LITERAL_CONVERSION = YES;
				CLANG_WARN_OBJC_ROOT_CLASS = YES_ERROR;
				CLANG_WARN_QUOTED_INCLUDE_IN_FRAMEWORK_HEADER = YES;
				CLANG_WARN_RANGE_LOOP_ANALYSIS = YES;
				CLANG_WARN_STRICT_PROTOTYPES = YES;
				CLANG_WARN_SUSPICIOUS_MOVE = YES;
				CLANG_WARN_UNGUARDED_AVAILABILITY = YES_AGGRESSIVE;
				CLANG_WARN_UNREACHABLE_CODE = YES;
				CLANG_WARN__DUPLICATE_METHOD_MATCH = YES;
				COPY_PHASE_STRIP = NO;
				DEBUG_INFORMATION_FORMAT = dwarf;
				ENABLE_STRICT_OBJC_MSGSEND = YES;
				ENABLE_TESTABILITY = YES;
				GCC_C_LANGUAGE_STANDARD = gnu11;
				GCC_DYNAMIC_NO_PIC = NO;
				GCC_NO_COMMON_BLOCKS = YES;
				GCC_OPTIMIZATION_LEVEL = 0;
				GCC_PREPROCESSOR_DEFINITIONS = (
					"DEBUG=1",
					"$(inherited)",
				);
				GCC_WARN_64_TO_32_BIT_CONVERSION = YES;
				GCC_WARN_ABOUT_RETURN_TYPE = YES_ERROR;
				GCC_WARN_UNDECLARED_SELECTOR = YES;
				GCC_WARN_UNINITIALIZED_AUTOS = YES_AGGRESSIVE;
				GCC_WARN_UNUSED_FUNCTION = YES;
				GCC_WARN_UNUSED_VARIABLE = YES;
				IPHONEOS_DEPLOYMENT_TARGET = 15.4;
				MTL_ENABLE_DEBUG_INFO = INCLUDE_SOURCE;
				MTL_FAST_MATH = YES;
				ONLY_ACTIVE_ARCH = YES;
				SDKROOT = iphoneos;
				SWIFT_ACTIVE_COMPILATION_CONDITIONS = DEBUG;
				SWIFT_OPTIMIZATION_LEVEL = "-Onone";
			};
			name = Debug;
		};
		43A991B52801CBE90078B189 /* Release */ = {
			isa = XCBuildConfiguration;
			buildSettings = {
				ALWAYS_SEARCH_USER_PATHS = NO;
				CLANG_ANALYZER_NONNULL = YES;
				CLANG_ANALYZER_NUMBER_OBJECT_CONVERSION = YES_AGGRESSIVE;
				CLANG_CXX_LANGUAGE_STANDARD = "gnu++17";
				CLANG_ENABLE_MODULES = YES;
				CLANG_ENABLE_OBJC_ARC = YES;
				CLANG_ENABLE_OBJC_WEAK = YES;
				CLANG_WARN_BLOCK_CAPTURE_AUTORELEASING = YES;
				CLANG_WARN_BOOL_CONVERSION = YES;
				CLANG_WARN_COMMA = YES;
				CLANG_WARN_CONSTANT_CONVERSION = YES;
				CLANG_WARN_DEPRECATED_OBJC_IMPLEMENTATIONS = YES;
				CLANG_WARN_DIRECT_OBJC_ISA_USAGE = YES_ERROR;
				CLANG_WARN_DOCUMENTATION_COMMENTS = YES;
				CLANG_WARN_EMPTY_BODY = YES;
				CLANG_WARN_ENUM_CONVERSION = YES;
				CLANG_WARN_INFINITE_RECURSION = YES;
				CLANG_WARN_INT_CONVERSION = YES;
				CLANG_WARN_NON_LITERAL_NULL_CONVERSION = YES;
				CLANG_WARN_OBJC_IMPLICIT_RETAIN_SELF = YES;
				CLANG_WARN_OBJC_LITERAL_CONVERSION = YES;
				CLANG_WARN_OBJC_ROOT_CLASS = YES_ERROR;
				CLANG_WARN_QUOTED_INCLUDE_IN_FRAMEWORK_HEADER = YES;
				CLANG_WARN_RANGE_LOOP_ANALYSIS = YES;
				CLANG_WARN_STRICT_PROTOTYPES = YES;
				CLANG_WARN_SUSPICIOUS_MOVE = YES;
				CLANG_WARN_UNGUARDED_AVAILABILITY = YES_AGGRESSIVE;
				CLANG_WARN_UNREACHABLE_CODE = YES;
				CLANG_WARN__DUPLICATE_METHOD_MATCH = YES;
				COPY_PHASE_STRIP = NO;
				DEBUG_INFORMATION_FORMAT = "dwarf-with-dsym";
				ENABLE_NS_ASSERTIONS = NO;
				ENABLE_STRICT_OBJC_MSGSEND = YES;
				GCC_C_LANGUAGE_STANDARD = gnu11;
				GCC_NO_COMMON_BLOCKS = YES;
				GCC_WARN_64_TO_32_BIT_CONVERSION = YES;
				GCC_WARN_ABOUT_RETURN_TYPE = YES_ERROR;
				GCC_WARN_UNDECLARED_SELECTOR = YES;
				GCC_WARN_UNINITIALIZED_AUTOS = YES_AGGRESSIVE;
				GCC_WARN_UNUSED_FUNCTION = YES;
				GCC_WARN_UNUSED_VARIABLE = YES;
				IPHONEOS_DEPLOYMENT_TARGET = 15.4;
				MTL_ENABLE_DEBUG_INFO = NO;
				MTL_FAST_MATH = YES;
				SDKROOT = iphoneos;
				SWIFT_COMPILATION_MODE = wholemodule;
				SWIFT_OPTIMIZATION_LEVEL = "-O";
				VALIDATE_PRODUCT = YES;
			};
			name = Release;
		};
		43A991B72801CBE90078B189 /* Debug */ = {
			isa = XCBuildConfiguration;
			baseConfigurationReference = 367C91B6819BE72AB7F22BF5 /* Pods-toDoListApp.debug.xcconfig */;
			buildSettings = {
				ASSETCATALOG_COMPILER_APPICON_NAME = AppIcon;
				ASSETCATALOG_COMPILER_GLOBAL_ACCENT_COLOR_NAME = AccentColor;
				CODE_SIGN_STYLE = Automatic;
				CURRENT_PROJECT_VERSION = 1;
				GENERATE_INFOPLIST_FILE = YES;
				INFOPLIST_FILE = toDoListApp/Info.plist;
				INFOPLIST_KEY_UIApplicationSupportsIndirectInputEvents = YES;
				INFOPLIST_KEY_UILaunchStoryboardName = LaunchScreen;
				INFOPLIST_KEY_UIMainStoryboardFile = Main;
				INFOPLIST_KEY_UISupportedInterfaceOrientations_iPad = "UIInterfaceOrientationPortrait UIInterfaceOrientationPortraitUpsideDown UIInterfaceOrientationLandscapeLeft UIInterfaceOrientationLandscapeRight";
				INFOPLIST_KEY_UISupportedInterfaceOrientations_iPhone = "UIInterfaceOrientationPortrait UIInterfaceOrientationLandscapeLeft UIInterfaceOrientationLandscapeRight";
				LD_RUNPATH_SEARCH_PATHS = (
					"$(inherited)",
					"@executable_path/Frameworks",
				);
				MARKETING_VERSION = 1.0;
				PRODUCT_BUNDLE_IDENTIFIER = nobathnogas.toDoListApp;
				PRODUCT_NAME = "$(TARGET_NAME)";
				SWIFT_EMIT_LOC_STRINGS = YES;
				SWIFT_VERSION = 5.0;
				TARGETED_DEVICE_FAMILY = "1,2";
			};
			name = Debug;
		};
		43A991B82801CBE90078B189 /* Release */ = {
			isa = XCBuildConfiguration;
			baseConfigurationReference = 7BA7BB8C0415D73AC001BE0B /* Pods-toDoListApp.release.xcconfig */;
			buildSettings = {
				ASSETCATALOG_COMPILER_APPICON_NAME = AppIcon;
				ASSETCATALOG_COMPILER_GLOBAL_ACCENT_COLOR_NAME = AccentColor;
				CODE_SIGN_STYLE = Automatic;
				CURRENT_PROJECT_VERSION = 1;
				GENERATE_INFOPLIST_FILE = YES;
				INFOPLIST_FILE = toDoListApp/Info.plist;
				INFOPLIST_KEY_UIApplicationSupportsIndirectInputEvents = YES;
				INFOPLIST_KEY_UILaunchStoryboardName = LaunchScreen;
				INFOPLIST_KEY_UIMainStoryboardFile = Main;
				INFOPLIST_KEY_UISupportedInterfaceOrientations_iPad = "UIInterfaceOrientationPortrait UIInterfaceOrientationPortraitUpsideDown UIInterfaceOrientationLandscapeLeft UIInterfaceOrientationLandscapeRight";
				INFOPLIST_KEY_UISupportedInterfaceOrientations_iPhone = "UIInterfaceOrientationPortrait UIInterfaceOrientationLandscapeLeft UIInterfaceOrientationLandscapeRight";
				LD_RUNPATH_SEARCH_PATHS = (
					"$(inherited)",
					"@executable_path/Frameworks",
				);
				MARKETING_VERSION = 1.0;
				PRODUCT_BUNDLE_IDENTIFIER = nobathnogas.toDoListApp;
				PRODUCT_NAME = "$(TARGET_NAME)";
				SWIFT_EMIT_LOC_STRINGS = YES;
				SWIFT_VERSION = 5.0;
				TARGETED_DEVICE_FAMILY = "1,2";
			};
			name = Release;
		};
		43A991BA2801CBE90078B189 /* Debug */ = {
			isa = XCBuildConfiguration;
			baseConfigurationReference = EBA6ED632B2C46D4E778BEFA /* Pods-toDoListAppTests.debug.xcconfig */;
			buildSettings = {
				ALWAYS_EMBED_SWIFT_STANDARD_LIBRARIES = YES;
				BUNDLE_LOADER = "$(TEST_HOST)";
				CODE_SIGN_STYLE = Automatic;
				CURRENT_PROJECT_VERSION = 1;
				GENERATE_INFOPLIST_FILE = YES;
				IPHONEOS_DEPLOYMENT_TARGET = 15.4;
				MARKETING_VERSION = 1.0;
				PRODUCT_BUNDLE_IDENTIFIER = nobathnogas.toDoListAppTests;
				PRODUCT_NAME = "$(TARGET_NAME)";
				SWIFT_EMIT_LOC_STRINGS = NO;
				SWIFT_VERSION = 5.0;
				TARGETED_DEVICE_FAMILY = "1,2";
				TEST_HOST = "$(BUILT_PRODUCTS_DIR)/toDoListApp.app/toDoListApp";
			};
			name = Debug;
		};
		43A991BB2801CBE90078B189 /* Release */ = {
			isa = XCBuildConfiguration;
			baseConfigurationReference = 85CEE1C7A3876E7B1634D395 /* Pods-toDoListAppTests.release.xcconfig */;
			buildSettings = {
				ALWAYS_EMBED_SWIFT_STANDARD_LIBRARIES = YES;
				BUNDLE_LOADER = "$(TEST_HOST)";
				CODE_SIGN_STYLE = Automatic;
				CURRENT_PROJECT_VERSION = 1;
				GENERATE_INFOPLIST_FILE = YES;
				IPHONEOS_DEPLOYMENT_TARGET = 15.4;
				MARKETING_VERSION = 1.0;
				PRODUCT_BUNDLE_IDENTIFIER = nobathnogas.toDoListAppTests;
				PRODUCT_NAME = "$(TARGET_NAME)";
				SWIFT_EMIT_LOC_STRINGS = NO;
				SWIFT_VERSION = 5.0;
				TARGETED_DEVICE_FAMILY = "1,2";
				TEST_HOST = "$(BUILT_PRODUCTS_DIR)/toDoListApp.app/toDoListApp";
			};
			name = Release;
		};
		43A991BD2801CBE90078B189 /* Debug */ = {
			isa = XCBuildConfiguration;
			baseConfigurationReference = 95B2BD08604705B5B85669EE /* Pods-toDoListApp-toDoListAppUITests.debug.xcconfig */;
			buildSettings = {
				ALWAYS_EMBED_SWIFT_STANDARD_LIBRARIES = YES;
				CODE_SIGN_STYLE = Automatic;
				CURRENT_PROJECT_VERSION = 1;
				GENERATE_INFOPLIST_FILE = YES;
				MARKETING_VERSION = 1.0;
				PRODUCT_BUNDLE_IDENTIFIER = nobathnogas.toDoListAppUITests;
				PRODUCT_NAME = "$(TARGET_NAME)";
				SWIFT_EMIT_LOC_STRINGS = NO;
				SWIFT_VERSION = 5.0;
				TARGETED_DEVICE_FAMILY = "1,2";
				TEST_TARGET_NAME = toDoListApp;
			};
			name = Debug;
		};
		43A991BE2801CBE90078B189 /* Release */ = {
			isa = XCBuildConfiguration;
			baseConfigurationReference = E4190FAAABC817696BAE0C6F /* Pods-toDoListApp-toDoListAppUITests.release.xcconfig */;
			buildSettings = {
				ALWAYS_EMBED_SWIFT_STANDARD_LIBRARIES = YES;
				CODE_SIGN_STYLE = Automatic;
				CURRENT_PROJECT_VERSION = 1;
				GENERATE_INFOPLIST_FILE = YES;
				MARKETING_VERSION = 1.0;
				PRODUCT_BUNDLE_IDENTIFIER = nobathnogas.toDoListAppUITests;
				PRODUCT_NAME = "$(TARGET_NAME)";
				SWIFT_EMIT_LOC_STRINGS = NO;
				SWIFT_VERSION = 5.0;
				TARGETED_DEVICE_FAMILY = "1,2";
				TEST_TARGET_NAME = toDoListApp;
			};
			name = Release;
		};
/* End XCBuildConfiguration section */

/* Begin XCConfigurationList section */
		43A991872801CBE50078B189 /* Build configuration list for PBXProject "toDoListApp" */ = {
			isa = XCConfigurationList;
			buildConfigurations = (
				43A991B42801CBE90078B189 /* Debug */,
				43A991B52801CBE90078B189 /* Release */,
			);
			defaultConfigurationIsVisible = 0;
			defaultConfigurationName = Release;
		};
		43A991B62801CBE90078B189 /* Build configuration list for PBXNativeTarget "toDoListApp" */ = {
			isa = XCConfigurationList;
			buildConfigurations = (
				43A991B72801CBE90078B189 /* Debug */,
				43A991B82801CBE90078B189 /* Release */,
			);
			defaultConfigurationIsVisible = 0;
			defaultConfigurationName = Release;
		};
		43A991B92801CBE90078B189 /* Build configuration list for PBXNativeTarget "toDoListAppTests" */ = {
			isa = XCConfigurationList;
			buildConfigurations = (
				43A991BA2801CBE90078B189 /* Debug */,
				43A991BB2801CBE90078B189 /* Release */,
			);
			defaultConfigurationIsVisible = 0;
			defaultConfigurationName = Release;
		};
		43A991BC2801CBE90078B189 /* Build configuration list for PBXNativeTarget "toDoListAppUITests" */ = {
			isa = XCConfigurationList;
			buildConfigurations = (
				43A991BD2801CBE90078B189 /* Debug */,
				43A991BE2801CBE90078B189 /* Release */,
			);
			defaultConfigurationIsVisible = 0;
			defaultConfigurationName = Release;
		};
/* End XCConfigurationList section */
	};
	rootObject = 43A991842801CBE50078B189 /* Project object */;
}
